// !$*UTF8*$!
{
	archiveVersion = 1;
	classes = {
	};
	objectVersion = 56;
	objects = {

/* Begin PBXBuildFile section */
		5F5131812AABDEB700FF1BF0 /* HomeViewController.swift in Sources */ = {isa = PBXBuildFile; fileRef = 5F5131802AABDEB700FF1BF0 /* HomeViewController.swift */; };
		5F7C425B2AA9644D00AE6AC3 /* AuthenticationService.swift in Sources */ = {isa = PBXBuildFile; fileRef = 5F7C425A2AA9644D00AE6AC3 /* AuthenticationService.swift */; };
		5F979C302AA2CB3900F46F2B /* AppDelegate.swift in Sources */ = {isa = PBXBuildFile; fileRef = 5F979C2F2AA2CB3900F46F2B /* AppDelegate.swift */; };
		5F979C342AA2CB3900F46F2B /* LoginViewController.swift in Sources */ = {isa = PBXBuildFile; fileRef = 5F979C332AA2CB3900F46F2B /* LoginViewController.swift */; };
		5F979C392AA2CB3A00F46F2B /* Assets.xcassets in Resources */ = {isa = PBXBuildFile; fileRef = 5F979C382AA2CB3A00F46F2B /* Assets.xcassets */; };
		5F979C3C2AA2CB3A00F46F2B /* LaunchScreen.storyboard in Resources */ = {isa = PBXBuildFile; fileRef = 5F979C3A2AA2CB3A00F46F2B /* LaunchScreen.storyboard */; };
		5FC89CF02AA2D5C500F078F8 /* Extension.swift in Sources */ = {isa = PBXBuildFile; fileRef = 5FC89CEF2AA2D5C500F078F8 /* Extension.swift */; };
		5FC89CF22AA405E500F078F8 /* AppConstants.swift in Sources */ = {isa = PBXBuildFile; fileRef = 5FC89CF12AA405E500F078F8 /* AppConstants.swift */; };
		5FC89CF42AA4A52900F078F8 /* AuthenticationInputView.swift in Sources */ = {isa = PBXBuildFile; fileRef = 5FC89CF32AA4A52900F078F8 /* AuthenticationInputView.swift */; };
		5FC89CF62AA4A7CB00F078F8 /* CustomTextField.swift in Sources */ = {isa = PBXBuildFile; fileRef = 5FC89CF52AA4A7CB00F078F8 /* CustomTextField.swift */; };
		5FC89CF82AA5A3A600F078F8 /* LoginViewModel.swift in Sources */ = {isa = PBXBuildFile; fileRef = 5FC89CF72AA5A3A600F078F8 /* LoginViewModel.swift */; };
		5FEBA9E62AABF34C00F5E8A9 /* AppError.swift in Sources */ = {isa = PBXBuildFile; fileRef = 5FEBA9E52AABF34C00F5E8A9 /* AppError.swift */; };
		5FEBA9E82AABF8B400F5E8A9 /* UserModel.swift in Sources */ = {isa = PBXBuildFile; fileRef = 5FEBA9E72AABF8B400F5E8A9 /* UserModel.swift */; };
		5FEBA9EB2AAC24AC00F5E8A9 /* JGProgressHUD in Frameworks */ = {isa = PBXBuildFile; productRef = 5FEBA9EA2AAC24AC00F5E8A9 /* JGProgressHUD */; };
		5FFC3B6F2AA7D0BB00F8104D /* RegisterViewController.swift in Sources */ = {isa = PBXBuildFile; fileRef = 5FFC3B6E2AA7D0BB00F8104D /* RegisterViewController.swift */; };
		5FFC3B712AA7DCB700F8104D /* CustomButton.swift in Sources */ = {isa = PBXBuildFile; fileRef = 5FFC3B702AA7DCB700F8104D /* CustomButton.swift */; };
		5FFC3B732AA7FB4600F8104D /* RegisterViewModel.swift in Sources */ = {isa = PBXBuildFile; fileRef = 5FFC3B722AA7FB4600F8104D /* RegisterViewModel.swift */; };
		5FFC3B752AA815C300F8104D /* CustomAttributedButton.swift in Sources */ = {isa = PBXBuildFile; fileRef = 5FFC3B742AA815C300F8104D /* CustomAttributedButton.swift */; };
		5FFC3B7A2AA847BC00F8104D /* Localizable.strings in Resources */ = {isa = PBXBuildFile; fileRef = 5FFC3B792AA847BC00F8104D /* Localizable.strings */; };
		5FFC3B7C2AA938FC00F8104D /* GoogleService-Info.plist in Resources */ = {isa = PBXBuildFile; fileRef = 5FFC3B7B2AA938FC00F8104D /* GoogleService-Info.plist */; };
		5FFC3B7F2AA9397C00F8104D /* FirebaseAuth in Frameworks */ = {isa = PBXBuildFile; productRef = 5FFC3B7E2AA9397C00F8104D /* FirebaseAuth */; };
		5FFC3B812AA9397C00F8104D /* FirebaseFirestore in Frameworks */ = {isa = PBXBuildFile; productRef = 5FFC3B802AA9397C00F8104D /* FirebaseFirestore */; };
		5FFC3B832AA9397C00F8104D /* FirebaseStorage in Frameworks */ = {isa = PBXBuildFile; productRef = 5FFC3B822AA9397C00F8104D /* FirebaseStorage */; };
/* End PBXBuildFile section */

/* Begin PBXFileReference section */
		5F5131802AABDEB700FF1BF0 /* HomeViewController.swift */ = {isa = PBXFileReference; lastKnownFileType = sourcecode.swift; path = HomeViewController.swift; sourceTree = "<group>"; };
		5F7C425A2AA9644D00AE6AC3 /* AuthenticationService.swift */ = {isa = PBXFileReference; lastKnownFileType = sourcecode.swift; path = AuthenticationService.swift; sourceTree = "<group>"; };
		5F979C2C2AA2CB3900F46F2B /* ChatApp.app */ = {isa = PBXFileReference; explicitFileType = wrapper.application; includeInIndex = 0; path = ChatApp.app; sourceTree = BUILT_PRODUCTS_DIR; };
		5F979C2F2AA2CB3900F46F2B /* AppDelegate.swift */ = {isa = PBXFileReference; lastKnownFileType = sourcecode.swift; path = AppDelegate.swift; sourceTree = "<group>"; };
		5F979C332AA2CB3900F46F2B /* LoginViewController.swift */ = {isa = PBXFileReference; lastKnownFileType = sourcecode.swift; path = LoginViewController.swift; sourceTree = "<group>"; };
		5F979C382AA2CB3A00F46F2B /* Assets.xcassets */ = {isa = PBXFileReference; lastKnownFileType = folder.assetcatalog; path = Assets.xcassets; sourceTree = "<group>"; };
		5F979C3B2AA2CB3A00F46F2B /* Base */ = {isa = PBXFileReference; lastKnownFileType = file.storyboard; name = Base; path = Base.lproj/LaunchScreen.storyboard; sourceTree = "<group>"; };
		5F979C3D2AA2CB3A00F46F2B /* Info.plist */ = {isa = PBXFileReference; lastKnownFileType = text.plist.xml; path = Info.plist; sourceTree = "<group>"; };
		5FC89CEF2AA2D5C500F078F8 /* Extension.swift */ = {isa = PBXFileReference; lastKnownFileType = sourcecode.swift; path = Extension.swift; sourceTree = "<group>"; };
		5FC89CF12AA405E500F078F8 /* AppConstants.swift */ = {isa = PBXFileReference; lastKnownFileType = sourcecode.swift; path = AppConstants.swift; sourceTree = "<group>"; };
		5FC89CF32AA4A52900F078F8 /* AuthenticationInputView.swift */ = {isa = PBXFileReference; lastKnownFileType = sourcecode.swift; path = AuthenticationInputView.swift; sourceTree = "<group>"; };
		5FC89CF52AA4A7CB00F078F8 /* CustomTextField.swift */ = {isa = PBXFileReference; lastKnownFileType = sourcecode.swift; path = CustomTextField.swift; sourceTree = "<group>"; };
		5FC89CF72AA5A3A600F078F8 /* LoginViewModel.swift */ = {isa = PBXFileReference; lastKnownFileType = sourcecode.swift; path = LoginViewModel.swift; sourceTree = "<group>"; };
		5FEBA9E52AABF34C00F5E8A9 /* AppError.swift */ = {isa = PBXFileReference; lastKnownFileType = sourcecode.swift; path = AppError.swift; sourceTree = "<group>"; };
		5FEBA9E72AABF8B400F5E8A9 /* UserModel.swift */ = {isa = PBXFileReference; lastKnownFileType = sourcecode.swift; path = UserModel.swift; sourceTree = "<group>"; };
		5FFC3B6E2AA7D0BB00F8104D /* RegisterViewController.swift */ = {isa = PBXFileReference; lastKnownFileType = sourcecode.swift; path = RegisterViewController.swift; sourceTree = "<group>"; };
		5FFC3B702AA7DCB700F8104D /* CustomButton.swift */ = {isa = PBXFileReference; lastKnownFileType = sourcecode.swift; path = CustomButton.swift; sourceTree = "<group>"; };
		5FFC3B722AA7FB4600F8104D /* RegisterViewModel.swift */ = {isa = PBXFileReference; lastKnownFileType = sourcecode.swift; path = RegisterViewModel.swift; sourceTree = "<group>"; };
		5FFC3B742AA815C300F8104D /* CustomAttributedButton.swift */ = {isa = PBXFileReference; lastKnownFileType = sourcecode.swift; path = CustomAttributedButton.swift; sourceTree = "<group>"; };
		5FFC3B792AA847BC00F8104D /* Localizable.strings */ = {isa = PBXFileReference; lastKnownFileType = text.plist.strings; path = Localizable.strings; sourceTree = "<group>"; };
		5FFC3B7B2AA938FC00F8104D /* GoogleService-Info.plist */ = {isa = PBXFileReference; fileEncoding = 4; lastKnownFileType = text.plist.xml; path = "GoogleService-Info.plist"; sourceTree = "<group>"; };
/* End PBXFileReference section */

/* Begin PBXFrameworksBuildPhase section */
		5F979C292AA2CB3900F46F2B /* Frameworks */ = {
			isa = PBXFrameworksBuildPhase;
			buildActionMask = 2147483647;
			files = (
				5FEBA9EB2AAC24AC00F5E8A9 /* JGProgressHUD in Frameworks */,
				5FFC3B7F2AA9397C00F8104D /* FirebaseAuth in Frameworks */,
				5FFC3B812AA9397C00F8104D /* FirebaseFirestore in Frameworks */,
				5FFC3B832AA9397C00F8104D /* FirebaseStorage in Frameworks */,
			);
			runOnlyForDeploymentPostprocessing = 0;
		};
/* End PBXFrameworksBuildPhase section */

/* Begin PBXGroup section */
		5F979C232AA2CB3900F46F2B = {
			isa = PBXGroup;
			children = (
				5F979C2E2AA2CB3900F46F2B /* ChatApp */,
				5F979C2D2AA2CB3900F46F2B /* Products */,
			);
			sourceTree = "<group>";
		};
		5F979C2D2AA2CB3900F46F2B /* Products */ = {
			isa = PBXGroup;
			children = (
				5F979C2C2AA2CB3900F46F2B /* ChatApp.app */,
			);
			name = Products;
			sourceTree = "<group>";
		};
		5F979C2E2AA2CB3900F46F2B /* ChatApp */ = {
			isa = PBXGroup;
			children = (
				5F979C472AA2D07C00F46F2B /* Model */,
				5F979C482AA2D08600F46F2B /* View */,
				5F979C492AA2D08F00F46F2B /* ViewModel */,
				5F979C462AA2D06F00F46F2B /* Controller */,
				5F979C4A2AA2D0A000F46F2B /* Service */,
				5F979C4B2AA2D0AA00F46F2B /* Utils */,
				5F979C452AA2CFE600F46F2B /* Files */,
				5FFC3B762AA845B800F8104D /* Resources */,
				5F979C3D2AA2CB3A00F46F2B /* Info.plist */,
			);
			path = ChatApp;
			sourceTree = "<group>";
		};
		5F979C452AA2CFE600F46F2B /* Files */ = {
			isa = PBXGroup;
			children = (
				5FFC3B7B2AA938FC00F8104D /* GoogleService-Info.plist */,
				5F979C2F2AA2CB3900F46F2B /* AppDelegate.swift */,
				5F979C382AA2CB3A00F46F2B /* Assets.xcassets */,
				5F979C3A2AA2CB3A00F46F2B /* LaunchScreen.storyboard */,
			);
			path = Files;
			sourceTree = "<group>";
		};
		5F979C462AA2D06F00F46F2B /* Controller */ = {
			isa = PBXGroup;
			children = (
				5F979C332AA2CB3900F46F2B /* LoginViewController.swift */,
				5FFC3B6E2AA7D0BB00F8104D /* RegisterViewController.swift */,
				5F5131802AABDEB700FF1BF0 /* HomeViewController.swift */,
			);
			path = Controller;
			sourceTree = "<group>";
		};
		5F979C472AA2D07C00F46F2B /* Model */ = {
			isa = PBXGroup;
			children = (
				5FEBA9E72AABF8B400F5E8A9 /* UserModel.swift */,
			);
			path = Model;
			sourceTree = "<group>";
		};
		5F979C482AA2D08600F46F2B /* View */ = {
			isa = PBXGroup;
			children = (
				5FC89CF32AA4A52900F078F8 /* AuthenticationInputView.swift */,
				5FC89CF52AA4A7CB00F078F8 /* CustomTextField.swift */,
				5FFC3B702AA7DCB700F8104D /* CustomButton.swift */,
				5FFC3B742AA815C300F8104D /* CustomAttributedButton.swift */,
			);
			path = View;
			sourceTree = "<group>";
		};
		5F979C492AA2D08F00F46F2B /* ViewModel */ = {
			isa = PBXGroup;
			children = (
				5FC89CF72AA5A3A600F078F8 /* LoginViewModel.swift */,
				5FFC3B722AA7FB4600F8104D /* RegisterViewModel.swift */,
			);
			path = ViewModel;
			sourceTree = "<group>";
		};
		5F979C4A2AA2D0A000F46F2B /* Service */ = {
			isa = PBXGroup;
			children = (
				5F7C425A2AA9644D00AE6AC3 /* AuthenticationService.swift */,
			);
			path = Service;
			sourceTree = "<group>";
		};
		5F979C4B2AA2D0AA00F46F2B /* Utils */ = {
			isa = PBXGroup;
			children = (
				5FC89CEF2AA2D5C500F078F8 /* Extension.swift */,
				5FC89CF12AA405E500F078F8 /* AppConstants.swift */,
				5FEBA9E52AABF34C00F5E8A9 /* AppError.swift */,
			);
			path = Utils;
			sourceTree = "<group>";
		};
		5FFC3B762AA845B800F8104D /* Resources */ = {
			isa = PBXGroup;
			children = (
				5FFC3B782AA8460F00F8104D /* tr.lproj */,
			);
			path = Resources;
			sourceTree = "<group>";
		};
		5FFC3B782AA8460F00F8104D /* tr.lproj */ = {
			isa = PBXGroup;
			children = (
				5FFC3B792AA847BC00F8104D /* Localizable.strings */,
			);
			path = tr.lproj;
			sourceTree = "<group>";
		};
/* End PBXGroup section */

/* Begin PBXNativeTarget section */
		5F979C2B2AA2CB3900F46F2B /* ChatApp */ = {
			isa = PBXNativeTarget;
			buildConfigurationList = 5F979C402AA2CB3A00F46F2B /* Build configuration list for PBXNativeTarget "ChatApp" */;
			buildPhases = (
				5F979C282AA2CB3900F46F2B /* Sources */,
				5F979C292AA2CB3900F46F2B /* Frameworks */,
				5F979C2A2AA2CB3900F46F2B /* Resources */,
			);
			buildRules = (
			);
			dependencies = (
			);
			name = ChatApp;
			packageProductDependencies = (
				5FFC3B7E2AA9397C00F8104D /* FirebaseAuth */,
				5FFC3B802AA9397C00F8104D /* FirebaseFirestore */,
				5FFC3B822AA9397C00F8104D /* FirebaseStorage */,
				5FEBA9EA2AAC24AC00F5E8A9 /* JGProgressHUD */,
			);
			productName = ChatApp;
			productReference = 5F979C2C2AA2CB3900F46F2B /* ChatApp.app */;
			productType = "com.apple.product-type.application";
		};
/* End PBXNativeTarget section */

/* Begin PBXProject section */
		5F979C242AA2CB3900F46F2B /* Project object */ = {
			isa = PBXProject;
			attributes = {
				BuildIndependentTargetsInParallel = 1;
				LastSwiftUpdateCheck = 1430;
				LastUpgradeCheck = 1430;
				TargetAttributes = {
					5F979C2B2AA2CB3900F46F2B = {
						CreatedOnToolsVersion = 14.3.1;
					};
				};
			};
			buildConfigurationList = 5F979C272AA2CB3900F46F2B /* Build configuration list for PBXProject "ChatApp" */;
			compatibilityVersion = "Xcode 14.0";
			developmentRegion = en;
			hasScannedForEncodings = 0;
			knownRegions = (
				en,
				Base,
			);
			mainGroup = 5F979C232AA2CB3900F46F2B;
			packageReferences = (
				5FFC3B7D2AA9397C00F8104D /* XCRemoteSwiftPackageReference "firebase-ios-sdk" */,
				5FEBA9E92AAC24AC00F5E8A9 /* XCRemoteSwiftPackageReference "JGProgressHUD" */,
			);
			productRefGroup = 5F979C2D2AA2CB3900F46F2B /* Products */;
			projectDirPath = "";
			projectRoot = "";
			targets = (
				5F979C2B2AA2CB3900F46F2B /* ChatApp */,
			);
		};
/* End PBXProject section */

/* Begin PBXResourcesBuildPhase section */
		5F979C2A2AA2CB3900F46F2B /* Resources */ = {
			isa = PBXResourcesBuildPhase;
			buildActionMask = 2147483647;
			files = (
				5F979C3C2AA2CB3A00F46F2B /* LaunchScreen.storyboard in Resources */,
				5FFC3B7C2AA938FC00F8104D /* GoogleService-Info.plist in Resources */,
				5FFC3B7A2AA847BC00F8104D /* Localizable.strings in Resources */,
				5F979C392AA2CB3A00F46F2B /* Assets.xcassets in Resources */,
			);
			runOnlyForDeploymentPostprocessing = 0;
		};
/* End PBXResourcesBuildPhase section */

/* Begin PBXSourcesBuildPhase section */
		5F979C282AA2CB3900F46F2B /* Sources */ = {
			isa = PBXSourcesBuildPhase;
			buildActionMask = 2147483647;
			files = (
				5FC89CF02AA2D5C500F078F8 /* Extension.swift in Sources */,
				5FFC3B732AA7FB4600F8104D /* RegisterViewModel.swift in Sources */,
				5F979C342AA2CB3900F46F2B /* LoginViewController.swift in Sources */,
				5F7C425B2AA9644D00AE6AC3 /* AuthenticationService.swift in Sources */,
				5FFC3B712AA7DCB700F8104D /* CustomButton.swift in Sources */,
				5FC89CF62AA4A7CB00F078F8 /* CustomTextField.swift in Sources */,
				5FEBA9E62AABF34C00F5E8A9 /* AppError.swift in Sources */,
				5FFC3B6F2AA7D0BB00F8104D /* RegisterViewController.swift in Sources */,
				5F979C302AA2CB3900F46F2B /* AppDelegate.swift in Sources */,
				5FFC3B752AA815C300F8104D /* CustomAttributedButton.swift in Sources */,
				5FC89CF42AA4A52900F078F8 /* AuthenticationInputView.swift in Sources */,
				5FC89CF22AA405E500F078F8 /* AppConstants.swift in Sources */,
				5F5131812AABDEB700FF1BF0 /* HomeViewController.swift in Sources */,
				5FEBA9E82AABF8B400F5E8A9 /* UserModel.swift in Sources */,
				5FC89CF82AA5A3A600F078F8 /* LoginViewModel.swift in Sources */,
			);
			runOnlyForDeploymentPostprocessing = 0;
		};
/* End PBXSourcesBuildPhase section */

/* Begin PBXVariantGroup section */
		5F979C3A2AA2CB3A00F46F2B /* LaunchScreen.storyboard */ = {
			isa = PBXVariantGroup;
			children = (
				5F979C3B2AA2CB3A00F46F2B /* Base */,
			);
			name = LaunchScreen.storyboard;
			sourceTree = "<group>";
		};
/* End PBXVariantGroup section */

/* Begin XCBuildConfiguration section */
		5F979C3E2AA2CB3A00F46F2B /* Debug */ = {
			isa = XCBuildConfiguration;
			buildSettings = {
				ALWAYS_SEARCH_USER_PATHS = NO;
				CLANG_ANALYZER_NONNULL = YES;
				CLANG_ANALYZER_NUMBER_OBJECT_CONVERSION = YES_AGGRESSIVE;
				CLANG_CXX_LANGUAGE_STANDARD = "gnu++20";
				CLANG_ENABLE_MODULES = YES;
				CLANG_ENABLE_OBJC_ARC = YES;
				CLANG_ENABLE_OBJC_WEAK = YES;
				CLANG_WARN_BLOCK_CAPTURE_AUTORELEASING = YES;
				CLANG_WARN_BOOL_CONVERSION = YES;
				CLANG_WARN_COMMA = YES;
				CLANG_WARN_CONSTANT_CONVERSION = YES;
				CLANG_WARN_DEPRECATED_OBJC_IMPLEMENTATIONS = YES;
				CLANG_WARN_DIRECT_OBJC_ISA_USAGE = YES_ERROR;
				CLANG_WARN_DOCUMENTATION_COMMENTS = YES;
				CLANG_WARN_EMPTY_BODY = YES;
				CLANG_WARN_ENUM_CONVERSION = YES;
				CLANG_WARN_INFINITE_RECURSION = YES;
				CLANG_WARN_INT_CONVERSION = YES;
				CLANG_WARN_NON_LITERAL_NULL_CONVERSION = YES;
				CLANG_WARN_OBJC_IMPLICIT_RETAIN_SELF = YES;
				CLANG_WARN_OBJC_LITERAL_CONVERSION = YES;
				CLANG_WARN_OBJC_ROOT_CLASS = YES_ERROR;
				CLANG_WARN_QUOTED_INCLUDE_IN_FRAMEWORK_HEADER = YES;
				CLANG_WARN_RANGE_LOOP_ANALYSIS = YES;
				CLANG_WARN_STRICT_PROTOTYPES = YES;
				CLANG_WARN_SUSPICIOUS_MOVE = YES;
				CLANG_WARN_UNGUARDED_AVAILABILITY = YES_AGGRESSIVE;
				CLANG_WARN_UNREACHABLE_CODE = YES;
				CLANG_WARN__DUPLICATE_METHOD_MATCH = YES;
				COPY_PHASE_STRIP = NO;
				DEBUG_INFORMATION_FORMAT = dwarf;
				ENABLE_STRICT_OBJC_MSGSEND = YES;
				ENABLE_TESTABILITY = YES;
				GCC_C_LANGUAGE_STANDARD = gnu11;
				GCC_DYNAMIC_NO_PIC = NO;
				GCC_NO_COMMON_BLOCKS = YES;
				GCC_OPTIMIZATION_LEVEL = 0;
				GCC_PREPROCESSOR_DEFINITIONS = (
					"DEBUG=1",
					"$(inherited)",
				);
				GCC_WARN_64_TO_32_BIT_CONVERSION = YES;
				GCC_WARN_ABOUT_RETURN_TYPE = YES_ERROR;
				GCC_WARN_UNDECLARED_SELECTOR = YES;
				GCC_WARN_UNINITIALIZED_AUTOS = YES_AGGRESSIVE;
				GCC_WARN_UNUSED_FUNCTION = YES;
				GCC_WARN_UNUSED_VARIABLE = YES;
				IPHONEOS_DEPLOYMENT_TARGET = 16.4;
				MTL_ENABLE_DEBUG_INFO = INCLUDE_SOURCE;
				MTL_FAST_MATH = YES;
				ONLY_ACTIVE_ARCH = YES;
				SDKROOT = iphoneos;
				SWIFT_ACTIVE_COMPILATION_CONDITIONS = DEBUG;
				SWIFT_OPTIMIZATION_LEVEL = "-Onone";
			};
			name = Debug;
		};
		5F979C3F2AA2CB3A00F46F2B /* Release */ = {
			isa = XCBuildConfiguration;
			buildSettings = {
				ALWAYS_SEARCH_USER_PATHS = NO;
				CLANG_ANALYZER_NONNULL = YES;
				CLANG_ANALYZER_NUMBER_OBJECT_CONVERSION = YES_AGGRESSIVE;
				CLANG_CXX_LANGUAGE_STANDARD = "gnu++20";
				CLANG_ENABLE_MODULES = YES;
				CLANG_ENABLE_OBJC_ARC = YES;
				CLANG_ENABLE_OBJC_WEAK = YES;
				CLANG_WARN_BLOCK_CAPTURE_AUTORELEASING = YES;
				CLANG_WARN_BOOL_CONVERSION = YES;
				CLANG_WARN_COMMA = YES;
				CLANG_WARN_CONSTANT_CONVERSION = YES;
				CLANG_WARN_DEPRECATED_OBJC_IMPLEMENTATIONS = YES;
				CLANG_WARN_DIRECT_OBJC_ISA_USAGE = YES_ERROR;
				CLANG_WARN_DOCUMENTATION_COMMENTS = YES;
				CLANG_WARN_EMPTY_BODY = YES;
				CLANG_WARN_ENUM_CONVERSION = YES;
				CLANG_WARN_INFINITE_RECURSION = YES;
				CLANG_WARN_INT_CONVERSION = YES;
				CLANG_WARN_NON_LITERAL_NULL_CONVERSION = YES;
				CLANG_WARN_OBJC_IMPLICIT_RETAIN_SELF = YES;
				CLANG_WARN_OBJC_LITERAL_CONVERSION = YES;
				CLANG_WARN_OBJC_ROOT_CLASS = YES_ERROR;
				CLANG_WARN_QUOTED_INCLUDE_IN_FRAMEWORK_HEADER = YES;
				CLANG_WARN_RANGE_LOOP_ANALYSIS = YES;
				CLANG_WARN_STRICT_PROTOTYPES = YES;
				CLANG_WARN_SUSPICIOUS_MOVE = YES;
				CLANG_WARN_UNGUARDED_AVAILABILITY = YES_AGGRESSIVE;
				CLANG_WARN_UNREACHABLE_CODE = YES;
				CLANG_WARN__DUPLICATE_METHOD_MATCH = YES;
				COPY_PHASE_STRIP = NO;
				DEBUG_INFORMATION_FORMAT = "dwarf-with-dsym";
				ENABLE_NS_ASSERTIONS = NO;
				ENABLE_STRICT_OBJC_MSGSEND = YES;
				GCC_C_LANGUAGE_STANDARD = gnu11;
				GCC_NO_COMMON_BLOCKS = YES;
				GCC_WARN_64_TO_32_BIT_CONVERSION = YES;
				GCC_WARN_ABOUT_RETURN_TYPE = YES_ERROR;
				GCC_WARN_UNDECLARED_SELECTOR = YES;
				GCC_WARN_UNINITIALIZED_AUTOS = YES_AGGRESSIVE;
				GCC_WARN_UNUSED_FUNCTION = YES;
				GCC_WARN_UNUSED_VARIABLE = YES;
				IPHONEOS_DEPLOYMENT_TARGET = 16.4;
				MTL_ENABLE_DEBUG_INFO = NO;
				MTL_FAST_MATH = YES;
				SDKROOT = iphoneos;
				SWIFT_COMPILATION_MODE = wholemodule;
				SWIFT_OPTIMIZATION_LEVEL = "-O";
				VALIDATE_PRODUCT = YES;
			};
			name = Release;
		};
		5F979C412AA2CB3A00F46F2B /* Debug */ = {
			isa = XCBuildConfiguration;
			buildSettings = {
				ASSETCATALOG_COMPILER_APPICON_NAME = AppIcon;
				ASSETCATALOG_COMPILER_GLOBAL_ACCENT_COLOR_NAME = AccentColor;
				CODE_SIGN_STYLE = Automatic;
				CURRENT_PROJECT_VERSION = 1;
				DEVELOPMENT_TEAM = UKXQYP47Y9;
				GENERATE_INFOPLIST_FILE = YES;
				INFOPLIST_FILE = ChatApp/Info.plist;
				INFOPLIST_KEY_UIApplicationSupportsIndirectInputEvents = YES;
				INFOPLIST_KEY_UILaunchStoryboardName = LaunchScreen;
				INFOPLIST_KEY_UISupportedInterfaceOrientations_iPad = "UIInterfaceOrientationPortrait UIInterfaceOrientationPortraitUpsideDown UIInterfaceOrientationLandscapeLeft UIInterfaceOrientationLandscapeRight";
				INFOPLIST_KEY_UISupportedInterfaceOrientations_iPhone = "UIInterfaceOrientationPortrait UIInterfaceOrientationLandscapeLeft UIInterfaceOrientationLandscapeRight";
				LD_RUNPATH_SEARCH_PATHS = (
					"$(inherited)",
					"@executable_path/Frameworks",
				);
				MARKETING_VERSION = 1.0;
				PRODUCT_BUNDLE_IDENTIFIER = com.tahaturan.testone.ChatApp;
				PRODUCT_NAME = "$(TARGET_NAME)";
				SWIFT_EMIT_LOC_STRINGS = YES;
				SWIFT_VERSION = 5.0;
				TARGETED_DEVICE_FAMILY = "1,2";
			};
			name = Debug;
		};
		5F979C422AA2CB3A00F46F2B /* Release */ = {
			isa = XCBuildConfiguration;
			buildSettings = {
				ASSETCATALOG_COMPILER_APPICON_NAME = AppIcon;
				ASSETCATALOG_COMPILER_GLOBAL_ACCENT_COLOR_NAME = AccentColor;
				CODE_SIGN_STYLE = Automatic;
				CURRENT_PROJECT_VERSION = 1;
				DEVELOPMENT_TEAM = UKXQYP47Y9;
				GENERATE_INFOPLIST_FILE = YES;
				INFOPLIST_FILE = ChatApp/Info.plist;
				INFOPLIST_KEY_UIApplicationSupportsIndirectInputEvents = YES;
				INFOPLIST_KEY_UILaunchStoryboardName = LaunchScreen;
				INFOPLIST_KEY_UISupportedInterfaceOrientations_iPad = "UIInterfaceOrientationPortrait UIInterfaceOrientationPortraitUpsideDown UIInterfaceOrientationLandscapeLeft UIInterfaceOrientationLandscapeRight";
				INFOPLIST_KEY_UISupportedInterfaceOrientations_iPhone = "UIInterfaceOrientationPortrait UIInterfaceOrientationLandscapeLeft UIInterfaceOrientationLandscapeRight";
				LD_RUNPATH_SEARCH_PATHS = (
					"$(inherited)",
					"@executable_path/Frameworks",
				);
				MARKETING_VERSION = 1.0;
				PRODUCT_BUNDLE_IDENTIFIER = com.tahaturan.testone.ChatApp;
				PRODUCT_NAME = "$(TARGET_NAME)";
				SWIFT_EMIT_LOC_STRINGS = YES;
				SWIFT_VERSION = 5.0;
				TARGETED_DEVICE_FAMILY = "1,2";
			};
			name = Release;
		};
/* End XCBuildConfiguration section */

/* Begin XCConfigurationList section */
		5F979C272AA2CB3900F46F2B /* Build configuration list for PBXProject "ChatApp" */ = {
			isa = XCConfigurationList;
			buildConfigurations = (
				5F979C3E2AA2CB3A00F46F2B /* Debug */,
				5F979C3F2AA2CB3A00F46F2B /* Release */,
			);
			defaultConfigurationIsVisible = 0;
			defaultConfigurationName = Release;
		};
		5F979C402AA2CB3A00F46F2B /* Build configuration list for PBXNativeTarget "ChatApp" */ = {
			isa = XCConfigurationList;
			buildConfigurations = (
				5F979C412AA2CB3A00F46F2B /* Debug */,
				5F979C422AA2CB3A00F46F2B /* Release */,
			);
			defaultConfigurationIsVisible = 0;
			defaultConfigurationName = Release;
		};
/* End XCConfigurationList section */

/* Begin XCRemoteSwiftPackageReference section */
		5FEBA9E92AAC24AC00F5E8A9 /* XCRemoteSwiftPackageReference "JGProgressHUD" */ = {
			isa = XCRemoteSwiftPackageReference;
			repositoryURL = "https://github.com/JonasGessner/JGProgressHUD.git";
			requirement = {
				kind = upToNextMajorVersion;
				minimumVersion = 2.0.0;
			};
		};
		5FFC3B7D2AA9397C00F8104D /* XCRemoteSwiftPackageReference "firebase-ios-sdk" */ = {
			isa = XCRemoteSwiftPackageReference;
			repositoryURL = "https://github.com/firebase/firebase-ios-sdk";
			requirement = {
				kind = upToNextMajorVersion;
				minimumVersion = 10.0.0;
			};
		};
/* End XCRemoteSwiftPackageReference section */

/* Begin XCSwiftPackageProductDependency section */
		5FEBA9EA2AAC24AC00F5E8A9 /* JGProgressHUD */ = {
			isa = XCSwiftPackageProductDependency;
			package = 5FEBA9E92AAC24AC00F5E8A9 /* XCRemoteSwiftPackageReference "JGProgressHUD" */;
			productName = JGProgressHUD;
		};
		5FFC3B7E2AA9397C00F8104D /* FirebaseAuth */ = {
			isa = XCSwiftPackageProductDependency;
			package = 5FFC3B7D2AA9397C00F8104D /* XCRemoteSwiftPackageReference "firebase-ios-sdk" */;
			productName = FirebaseAuth;
		};
		5FFC3B802AA9397C00F8104D /* FirebaseFirestore */ = {
			isa = XCSwiftPackageProductDependency;
			package = 5FFC3B7D2AA9397C00F8104D /* XCRemoteSwiftPackageReference "firebase-ios-sdk" */;
			productName = FirebaseFirestore;
		};
		5FFC3B822AA9397C00F8104D /* FirebaseStorage */ = {
			isa = XCSwiftPackageProductDependency;
			package = 5FFC3B7D2AA9397C00F8104D /* XCRemoteSwiftPackageReference "firebase-ios-sdk" */;
			productName = FirebaseStorage;
		};
/* End XCSwiftPackageProductDependency section */
	};
	rootObject = 5F979C242AA2CB3900F46F2B /* Project object */;
}
